
Microsoft Visual Studio Solution File, Format Version 12.00
# Visual Studio Version 17
VisualStudioVersion = 17.7.34202.233
MinimumVisualStudioVersion = 10.0.40219.1
Project("{FAE04EC0-301F-11D3-BF4B-00C04F79EFBC}") = "Kantor", "Kantor.csproj", "{F712BFD4-8636-4239-856C-9587CE26CC90}"
EndProject
Global
	GlobalSection(SolutionConfigurationPlatforms) = preSolution
		Debug|Any CPU = Debug|Any CPU
		Release|Any CPU = Release|Any CPU
	EndGlobalSection
	GlobalSection(ProjectConfigurationPlatforms) = postSolution
		{F712BFD4-8636-4239-856C-9587CE26CC90}.Debug|Any CPU.ActiveCfg = Debug|Any CPU
		{F712BFD4-8636-4239-856C-9587CE26CC90}.Debug|Any CPU.Build.0 = Debug|Any CPU
		{F712BFD4-8636-4239-856C-9587CE26CC90}.Release|Any CPU.ActiveCfg = Release|Any CPU
		{F712BFD4-8636-4239-856C-9587CE26CC90}.Release|Any CPU.Build.0 = Release|Any CPU
	EndGlobalSection
	GlobalSection(SolutionProperties) = preSolution
		HideSolutionNode = FALSE
	EndGlobalSection
	GlobalSection(ExtensibilityGlobals) = postSolution
		SolutionGuid = {62ADCF77-8F68-4CC5-877F-05157E8A1174}
	EndGlobalSection
EndGlobal
